// !$*UTF8*$!
{
	archiveVersion = 1;
	classes = {
	};
	objectVersion = 46;
	objects = {

/* Begin PBXBuildFile section */
		055D4A4D1E1FFB9D0009167B /* AppDelegate.swift in Sources */ = {isa = PBXBuildFile; fileRef = 055D4A4C1E1FFB9D0009167B /* AppDelegate.swift */; };
		055D4A4F1E1FFB9D0009167B /* ViewController.swift in Sources */ = {isa = PBXBuildFile; fileRef = 055D4A4E1E1FFB9D0009167B /* ViewController.swift */; };
		055D4A521E1FFB9D0009167B /* Main.storyboard in Resources */ = {isa = PBXBuildFile; fileRef = 055D4A501E1FFB9D0009167B /* Main.storyboard */; };
		055D4A541E1FFB9D0009167B /* Assets.xcassets in Resources */ = {isa = PBXBuildFile; fileRef = 055D4A531E1FFB9D0009167B /* Assets.xcassets */; };
		055D4A571E1FFB9D0009167B /* LaunchScreen.storyboard in Resources */ = {isa = PBXBuildFile; fileRef = 055D4A551E1FFB9D0009167B /* LaunchScreen.storyboard */; };
		761C6D4B02F2C107F5251531 /* Pods_FacebookSDK.framework in Frameworks */ = {isa = PBXBuildFile; fileRef = 5084E43B328E3F1B8D32F786 /* Pods_FacebookSDK.framework */; };
/* End PBXBuildFile section */

/* Begin PBXFileReference section */
		055D4A491E1FFB9D0009167B /* FacebookSDK.app */ = {isa = PBXFileReference; explicitFileType = wrapper.application; includeInIndex = 0; path = FacebookSDK.app; sourceTree = BUILT_PRODUCTS_DIR; };
		055D4A4C1E1FFB9D0009167B /* AppDelegate.swift */ = {isa = PBXFileReference; lastKnownFileType = sourcecode.swift; path = AppDelegate.swift; sourceTree = "<group>"; };
		055D4A4E1E1FFB9D0009167B /* ViewController.swift */ = {isa = PBXFileReference; lastKnownFileType = sourcecode.swift; path = ViewController.swift; sourceTree = "<group>"; };
		055D4A511E1FFB9D0009167B /* Base */ = {isa = PBXFileReference; lastKnownFileType = file.storyboard; name = Base; path = Base.lproj/Main.storyboard; sourceTree = "<group>"; };
		055D4A531E1FFB9D0009167B /* Assets.xcassets */ = {isa = PBXFileReference; lastKnownFileType = folder.assetcatalog; path = Assets.xcassets; sourceTree = "<group>"; };
		055D4A561E1FFB9D0009167B /* Base */ = {isa = PBXFileReference; lastKnownFileType = file.storyboard; name = Base; path = Base.lproj/LaunchScreen.storyboard; sourceTree = "<group>"; };
		055D4A581E1FFB9D0009167B /* Info.plist */ = {isa = PBXFileReference; lastKnownFileType = text.plist.xml; path = Info.plist; sourceTree = "<group>"; };
		47E376A18EF7417F146D8251 /* Pods-FacebookSDK.debug.xcconfig */ = {isa = PBXFileReference; includeInIndex = 1; lastKnownFileType = text.xcconfig; name = "Pods-FacebookSDK.debug.xcconfig"; path = "Pods/Target Support Files/Pods-FacebookSDK/Pods-FacebookSDK.debug.xcconfig"; sourceTree = "<group>"; };
		5084E43B328E3F1B8D32F786 /* Pods_FacebookSDK.framework */ = {isa = PBXFileReference; explicitFileType = wrapper.framework; includeInIndex = 0; path = Pods_FacebookSDK.framework; sourceTree = BUILT_PRODUCTS_DIR; };
		CE1C62843684DF4123FC752D /* Pods-FacebookSDK.release.xcconfig */ = {isa = PBXFileReference; includeInIndex = 1; lastKnownFileType = text.xcconfig; name = "Pods-FacebookSDK.release.xcconfig"; path = "Pods/Target Support Files/Pods-FacebookSDK/Pods-FacebookSDK.release.xcconfig"; sourceTree = "<group>"; };
/* End PBXFileReference section */

/* Begin PBXFrameworksBuildPhase section */
		055D4A461E1FFB9D0009167B /* Frameworks */ = {
			isa = PBXFrameworksBuildPhase;
			buildActionMask = 2147483647;
			files = (
				761C6D4B02F2C107F5251531 /* Pods_FacebookSDK.framework in Frameworks */,
			);
			runOnlyForDeploymentPostprocessing = 0;
		};
/* End PBXFrameworksBuildPhase section */

/* Begin PBXGroup section */
		055D4A401E1FFB9D0009167B = {
			isa = PBXGroup;
			children = (
				055D4A4B1E1FFB9D0009167B /* FacebookSDK */,
				055D4A4A1E1FFB9D0009167B /* Products */,
				5F54411B1BF87D209CB6BB57 /* Pods */,
				0DEB35DCDD51780C144017D5 /* Frameworks */,
			);
			sourceTree = "<group>";
		};
		055D4A4A1E1FFB9D0009167B /* Products */ = {
			isa = PBXGroup;
			children = (
				055D4A491E1FFB9D0009167B /* FacebookSDK.app */,
			);
			name = Products;
			sourceTree = "<group>";
		};
		055D4A4B1E1FFB9D0009167B /* FacebookSDK */ = {
			isa = PBXGroup;
			children = (
				055D4A4C1E1FFB9D0009167B /* AppDelegate.swift */,
				055D4A4E1E1FFB9D0009167B /* ViewController.swift */,
				055D4A501E1FFB9D0009167B /* Main.storyboard */,
				055D4A531E1FFB9D0009167B /* Assets.xcassets */,
				055D4A551E1FFB9D0009167B /* LaunchScreen.storyboard */,
				055D4A581E1FFB9D0009167B /* Info.plist */,
			);
			path = FacebookSDK;
			sourceTree = "<group>";
		};
		0DEB35DCDD51780C144017D5 /* Frameworks */ = {
			isa = PBXGroup;
			children = (
				5084E43B328E3F1B8D32F786 /* Pods_FacebookSDK.framework */,
			);
			name = Frameworks;
			sourceTree = "<group>";
		};
		5F54411B1BF87D209CB6BB57 /* Pods */ = {
			isa = PBXGroup;
			children = (
				47E376A18EF7417F146D8251 /* Pods-FacebookSDK.debug.xcconfig */,
				CE1C62843684DF4123FC752D /* Pods-FacebookSDK.release.xcconfig */,
			);
			name = Pods;
			sourceTree = "<group>";
		};
/* End PBXGroup section */

/* Begin PBXNativeTarget section */
		055D4A481E1FFB9D0009167B /* FacebookSDK */ = {
			isa = PBXNativeTarget;
			buildConfigurationList = 055D4A5B1E1FFB9D0009167B /* Build configuration list for PBXNativeTarget "FacebookSDK" */;
			buildPhases = (
				CF9CA57E5B20E33DEB06DF33 /* [CP] Check Pods Manifest.lock */,
				055D4A451E1FFB9D0009167B /* Sources */,
				055D4A461E1FFB9D0009167B /* Frameworks */,
				055D4A471E1FFB9D0009167B /* Resources */,
				1ECFC526C5C1FC841A71319E /* [CP] Embed Pods Frameworks */,
				FE521E8638BE07F64D56125F /* [CP] Copy Pods Resources */,
			);
			buildRules = (
			);
			dependencies = (
			);
			name = FacebookSDK;
			productName = FacebookSDK;
			productReference = 055D4A491E1FFB9D0009167B /* FacebookSDK.app */;
			productType = "com.apple.product-type.application";
		};
/* End PBXNativeTarget section */

/* Begin PBXProject section */
		055D4A411E1FFB9D0009167B /* Project object */ = {
			isa = PBXProject;
			attributes = {
				LastSwiftUpdateCheck = 0820;
				LastUpgradeCheck = 0820;
				ORGANIZATIONNAME = "Mohamed Hamed";
				TargetAttributes = {
					055D4A481E1FFB9D0009167B = {
						CreatedOnToolsVersion = 8.2.1;
						ProvisioningStyle = Automatic;
					};
				};
			};
			buildConfigurationList = 055D4A441E1FFB9D0009167B /* Build configuration list for PBXProject "FacebookSDK" */;
			compatibilityVersion = "Xcode 3.2";
			developmentRegion = English;
			hasScannedForEncodings = 0;
			knownRegions = (
				en,
				Base,
			);
			mainGroup = 055D4A401E1FFB9D0009167B;
			productRefGroup = 055D4A4A1E1FFB9D0009167B /* Products */;
			projectDirPath = "";
			projectRoot = "";
			targets = (
				055D4A481E1FFB9D0009167B /* FacebookSDK */,
			);
		};
/* End PBXProject section */

/* Begin PBXResourcesBuildPhase section */
		055D4A471E1FFB9D0009167B /* Resources */ = {
			isa = PBXResourcesBuildPhase;
			buildActionMask = 2147483647;
			files = (
				055D4A571E1FFB9D0009167B /* LaunchScreen.storyboard in Resources */,
				055D4A541E1FFB9D0009167B /* Assets.xcassets in Resources */,
				055D4A521E1FFB9D0009167B /* Main.storyboard in Resources */,
			);
			runOnlyForDeploymentPostprocessing = 0;
		};
/* End PBXResourcesBuildPhase section */

/* Begin PBXShellScriptBuildPhase section */
		1ECFC526C5C1FC841A71319E /* [CP] Embed Pods Frameworks */ = {
			isa = PBXShellScriptBuildPhase;
			buildActionMask = 2147483647;
			files = (
			);
			inputPaths = (
			);
			name = "[CP] Embed Pods Frameworks";
			outputPaths = (
			);
			runOnlyForDeploymentPostprocessing = 0;
			shellPath = /bin/sh;
			shellScript = "\"${SRCROOT}/Pods/Target Support Files/Pods-FacebookSDK/Pods-FacebookSDK-frameworks.sh\"\n";
			showEnvVarsInLog = 0;
		};
		CF9CA57E5B20E33DEB06DF33 /* [CP] Check Pods Manifest.lock */ = {
			isa = PBXShellScriptBuildPhase;
			buildActionMask = 2147483647;
			files = (
			);
			inputPaths = (
			);
			name = "[CP] Check Pods Manifest.lock";
			outputPaths = (
			);
			runOnlyForDeploymentPostprocessing = 0;
			shellPath = /bin/sh;
			shellScript = "diff \"${PODS_ROOT}/../Podfile.lock\" \"${PODS_ROOT}/Manifest.lock\" > /dev/null\nif [ $? != 0 ] ; then\n    # print error to STDERR\n    echo \"error: The sandbox is not in sync with the Podfile.lock. Run 'pod install' or update your CocoaPods installation.\" >&2\n    exit 1\nfi\n";
			showEnvVarsInLog = 0;
		};
		FE521E8638BE07F64D56125F /* [CP] Copy Pods Resources */ = {
			isa = PBXShellScriptBuildPhase;
			buildActionMask = 2147483647;
			files = (
			);
			inputPaths = (
			);
			name = "[CP] Copy Pods Resources";
			outputPaths = (
			);
			runOnlyForDeploymentPostprocessing = 0;
			shellPath = /bin/sh;
			shellScript = "\"${SRCROOT}/Pods/Target Support Files/Pods-FacebookSDK/Pods-FacebookSDK-resources.sh\"\n";
			showEnvVarsInLog = 0;
		};
/* End PBXShellScriptBuildPhase section */

/* Begin PBXSourcesBuildPhase section */
		055D4A451E1FFB9D0009167B /* Sources */ = {
			isa = PBXSourcesBuildPhase;
			buildActionMask = 2147483647;
			files = (
				055D4A4F1E1FFB9D0009167B /* ViewController.swift in Sources */,
				055D4A4D1E1FFB9D0009167B /* AppDelegate.swift in Sources */,
			);
			runOnlyForDeploymentPostprocessing = 0;
		};
/* End PBXSourcesBuildPhase section */

/* Begin PBXVariantGroup section */
		055D4A501E1FFB9D0009167B /* Main.storyboard */ = {
			isa = PBXVariantGroup;
			children = (
				055D4A511E1FFB9D0009167B /* Base */,
			);
			name = Main.storyboard;
			sourceTree = "<group>";
		};
		055D4A551E1FFB9D0009167B /* LaunchScreen.storyboard */ = {
			isa = PBXVariantGroup;
			children = (
				055D4A561E1FFB9D0009167B /* Base */,
			);
			name = LaunchScreen.storyboard;
			sourceTree = "<group>";
		};
/* End PBXVariantGroup section */

/* Begin XCBuildConfiguration section */
		055D4A591E1FFB9D0009167B /* Debug */ = {
			isa = XCBuildConfiguration;
			buildSettings = {
				ALWAYS_SEARCH_USER_PATHS = NO;
				CLANG_ANALYZER_NONNULL = YES;
				CLANG_CXX_LANGUAGE_STANDARD = "gnu++0x";
				CLANG_CXX_LIBRARY = "libc++";
				CLANG_ENABLE_MODULES = YES;
				CLANG_ENABLE_OBJC_ARC = YES;
				CLANG_WARN_BOOL_CONVERSION = YES;
				CLANG_WARN_CONSTANT_CONVERSION = YES;
				CLANG_WARN_DIRECT_OBJC_ISA_USAGE = YES_ERROR;
				CLANG_WARN_DOCUMENTATION_COMMENTS = YES;
				CLANG_WARN_EMPTY_BODY = YES;
				CLANG_WARN_ENUM_CONVERSION = YES;
				CLANG_WARN_INFINITE_RECURSION = YES;
				CLANG_WARN_INT_CONVERSION = YES;
				CLANG_WARN_OBJC_ROOT_CLASS = YES_ERROR;
				CLANG_WARN_SUSPICIOUS_MOVE = YES;
				CLANG_WARN_UNREACHABLE_CODE = YES;
				CLANG_WARN__DUPLICATE_METHOD_MATCH = YES;
				"CODE_SIGN_IDENTITY[sdk=iphoneos*]" = "iPhone Developer";
				COPY_PHASE_STRIP = NO;
				DEBUG_INFORMATION_FORMAT = dwarf;
				ENABLE_STRICT_OBJC_MSGSEND = YES;
				ENABLE_TESTABILITY = YES;
				GCC_C_LANGUAGE_STANDARD = gnu99;
				GCC_DYNAMIC_NO_PIC = NO;
				GCC_NO_COMMON_BLOCKS = YES;
				GCC_OPTIMIZATION_LEVEL = 0;
				GCC_PREPROCESSOR_DEFINITIONS = (
					"DEBUG=1",
					"$(inherited)",
				);
				GCC_WARN_64_TO_32_BIT_CONVERSION = YES;
				GCC_WARN_ABOUT_RETURN_TYPE = YES_ERROR;
				GCC_WARN_UNDECLARED_SELECTOR = YES;
				GCC_WARN_UNINITIALIZED_AUTOS = YES_AGGRESSIVE;
				GCC_WARN_UNUSED_FUNCTION = YES;
				GCC_WARN_UNUSED_VARIABLE = YES;
				IPHONEOS_DEPLOYMENT_TARGET = 10.2;
				MTL_ENABLE_DEBUG_INFO = YES;
				ONLY_ACTIVE_ARCH = YES;
				SDKROOT = iphoneos;
				SWIFT_ACTIVE_COMPILATION_CONDITIONS = DEBUG;
				SWIFT_OPTIMIZATION_LEVEL = "-Onone";
			};
			name = Debug;
		};
		055D4A5A1E1FFB9D0009167B /* Release */ = {
			isa = XCBuildConfiguration;
			buildSettings = {
				ALWAYS_SEARCH_USER_PATHS = NO;
				CLANG_ANALYZER_NONNULL = YES;
				CLANG_CXX_LANGUAGE_STANDARD = "gnu++0x";
				CLANG_CXX_LIBRARY = "libc++";
				CLANG_ENABLE_MODULES = YES;
				CLANG_ENABLE_OBJC_ARC = YES;
				CLANG_WARN_BOOL_CONVERSION = YES;
				CLANG_WARN_CONSTANT_CONVERSION = YES;
				CLANG_WARN_DIRECT_OBJC_ISA_USAGE = YES_ERROR;
				CLANG_WARN_DOCUMENTATION_COMMENTS = YES;
				CLANG_WARN_EMPTY_BODY = YES;
				CLANG_WARN_ENUM_CONVERSION = YES;
				CLANG_WARN_INFINITE_RECURSION = YES;
				CLANG_WARN_INT_CONVERSION = YES;
				CLANG_WARN_OBJC_ROOT_CLASS = YES_ERROR;
				CLANG_WARN_SUSPICIOUS_MOVE = YES;
				CLANG_WARN_UNREACHABLE_CODE = YES;
				CLANG_WARN__DUPLICATE_METHOD_MATCH = YES;
				"CODE_SIGN_IDENTITY[sdk=iphoneos*]" = "iPhone Developer";
				COPY_PHASE_STRIP = NO;
				DEBUG_INFORMATION_FORMAT = "dwarf-with-dsym";
				ENABLE_NS_ASSERTIONS = NO;
				ENABLE_STRICT_OBJC_MSGSEND = YES;
				GCC_C_LANGUAGE_STANDARD = gnu99;
				GCC_NO_COMMON_BLOCKS = YES;
				GCC_WARN_64_TO_32_BIT_CONVERSION = YES;
				GCC_WARN_ABOUT_RETURN_TYPE = YES_ERROR;
				GCC_WARN_UNDECLARED_SELECTOR = YES;
				GCC_WARN_UNINITIALIZED_AUTOS = YES_AGGRESSIVE;
				GCC_WARN_UNUSED_FUNCTION = YES;
				GCC_WARN_UNUSED_VARIABLE = YES;
				IPHONEOS_DEPLOYMENT_TARGET = 10.2;
				MTL_ENABLE_DEBUG_INFO = NO;
				SDKROOT = iphoneos;
				SWIFT_OPTIMIZATION_LEVEL = "-Owholemodule";
				VALIDATE_PRODUCT = YES;
			};
			name = Release;
		};
		055D4A5C1E1FFB9D0009167B /* Debug */ = {
			isa = XCBuildConfiguration;
			baseConfigurationReference = 47E376A18EF7417F146D8251 /* Pods-FacebookSDK.debug.xcconfig */;
			buildSettings = {
				ASSETCATALOG_COMPILER_APPICON_NAME = AppIcon;
				INFOPLIST_FILE = FacebookSDK/Info.plist;
				IPHONEOS_DEPLOYMENT_TARGET = 9.0;
				LD_RUNPATH_SEARCH_PATHS = "$(inherited) @executable_path/Frameworks";
				PRODUCT_BUNDLE_IDENTIFIER = com.mohamed.FacebookSDK;
				PRODUCT_NAME = "$(TARGET_NAME)";
				SWIFT_VERSION = 3.0;
			};
			name = Debug;
		};
		055D4A5D1E1FFB9D0009167B /* Release */ = {
			isa = XCBuildConfiguration;
			baseConfigurationReference = CE1C62843684DF4123FC752D /* Pods-FacebookSDK.release.xcconfig */;
			buildSettings = {
				ASSETCATALOG_COMPILER_APPICON_NAME = AppIcon;
				INFOPLIST_FILE = FacebookSDK/Info.plist;
				IPHONEOS_DEPLOYMENT_TARGET = 9.0;
				LD_RUNPATH_SEARCH_PATHS = "$(inherited) @executable_path/Frameworks";
				PRODUCT_BUNDLE_IDENTIFIER = com.mohamed.FacebookSDK;
				PRODUCT_NAME = "$(TARGET_NAME)";
				SWIFT_VERSION = 3.0;
			};
			name = Release;
		};
/* End XCBuildConfiguration section */

/* Begin XCConfigurationList section */
		055D4A441E1FFB9D0009167B /* Build configuration list for PBXProject "FacebookSDK" */ = {
			isa = XCConfigurationList;
			buildConfigurations = (
				055D4A591E1FFB9D0009167B /* Debug */,
				055D4A5A1E1FFB9D0009167B /* Release */,
			);
			defaultConfigurationIsVisible = 0;
			defaultConfigurationName = Release;
		};
		055D4A5B1E1FFB9D0009167B /* Build configuration list for PBXNativeTarget "FacebookSDK" */ = {
			isa = XCConfigurationList;
			buildConfigurations = (
				055D4A5C1E1FFB9D0009167B /* Debug */,
				055D4A5D1E1FFB9D0009167B /* Release */,
			);
			defaultConfigurationIsVisible = 0;
		};
/* End XCConfigurationList section */
	};
	rootObject = 055D4A411E1FFB9D0009167B /* Project object */;
}
